
Microsoft Visual Studio Solution File, Format Version 12.00
# Visual Studio Version 17
VisualStudioVersion = 17.13.35913.81 d17.13
MinimumVisualStudioVersion = 10.0.40219.1
Project("{FAE04EC0-301F-11D3-BF4B-00C04F79EFBC}") = "in class 28", "in class 28\in class 28.csproj", "{F9A93ECB-5219-4465-AEED-B26E880A3AF4}"
EndProject
Global
	GlobalSection(SolutionConfigurationPlatforms) = preSolution
		Debug|Any CPU = Debug|Any CPU
		Release|Any CPU = Release|Any CPU
	EndGlobalSection
	GlobalSection(ProjectConfigurationPlatforms) = postSolution
		{F9A93ECB-5219-4465-AEED-B26E880A3AF4}.Debug|Any CPU.ActiveCfg = Debug|Any CPU
		{F9A93ECB-5219-4465-AEED-B26E880A3AF4}.Debug|Any CPU.Build.0 = Debug|Any CPU
		{F9A93ECB-5219-4465-AEED-B26E880A3AF4}.Release|Any CPU.ActiveCfg = Release|Any CPU
		{F9A93ECB-5219-4465-AEED-B26E880A3AF4}.Release|Any CPU.Build.0 = Release|Any CPU
	EndGlobalSection
	GlobalSection(SolutionProperties) = preSolution
		HideSolutionNode = FALSE
	EndGlobalSection
	GlobalSection(ExtensibilityGlobals) = postSolution
		SolutionGuid = {C53683F7-34F0-456B-BA25-3C84E7F39790}
	EndGlobalSection
EndGlobal
